
Microsoft Visual Studio Solution File, Format Version 12.00
# Visual Studio Version 16
Project("{2150E333-8FDC-42A3-9474-1A3956D46DE8}") = "Server", "Server", "{23E4C901-0F47-59A6-B8CC-915CA40E2529}"
EndProject
Project("{2150E333-8FDC-42A3-9474-1A3956D46DE8}") = "GameServer", "GameServer", "{637A75A0-CFB1-BD37-D8BB-215B4472E430}"
EndProject
Project("{8BC9CEB8-8B4A-11D0-8D11-00A0C91BC942}") = "BattleSystem", "Temp\ProjectFiles\BattleSystem.vcxproj", "{460F99F1-3272-2896-DBF7-604CC739F418}"
EndProject
Project("{8BC9CEB8-8B4A-11D0-8D11-00A0C91BC942}") = "Core", "Temp\ProjectFiles\Core.vcxproj", "{2EB4837C-1AEB-840D-C3D7-6A10AFED000F}"
EndProject
Project("{8BC9CEB8-8B4A-11D0-8D11-00A0C91BC942}") = "HEServer", "Temp\ProjectFiles\HEServer.vcxproj", "{09E7A976-F5B3-0482-1ECD-F2290AF93910}"
EndProject
Global
	GlobalSection(SolutionConfigurationPlatforms) = preSolution
		Debug|x64 = Debug|x64
		Develop|x64 = Develop|x64
		Release|x64 = Release|x64
	EndGlobalSection
	GlobalSection(ProjectConfigurationPlatforms) = postSolution
		{460F99F1-3272-2896-DBF7-604CC739F418}.Debug|x64.ActiveCfg = Debug|x64
		{460F99F1-3272-2896-DBF7-604CC739F418}.Debug|x64.Build.0 = Debug|x64
		{460F99F1-3272-2896-DBF7-604CC739F418}.Develop|x64.ActiveCfg = Develop|x64
		{460F99F1-3272-2896-DBF7-604CC739F418}.Develop|x64.Build.0 = Develop|x64
		{460F99F1-3272-2896-DBF7-604CC739F418}.Release|x64.ActiveCfg = Release|x64
		{460F99F1-3272-2896-DBF7-604CC739F418}.Release|x64.Build.0 = Release|x64
		{2EB4837C-1AEB-840D-C3D7-6A10AFED000F}.Debug|x64.ActiveCfg = Debug|x64
		{2EB4837C-1AEB-840D-C3D7-6A10AFED000F}.Debug|x64.Build.0 = Debug|x64
		{2EB4837C-1AEB-840D-C3D7-6A10AFED000F}.Develop|x64.ActiveCfg = Develop|x64
		{2EB4837C-1AEB-840D-C3D7-6A10AFED000F}.Develop|x64.Build.0 = Develop|x64
		{2EB4837C-1AEB-840D-C3D7-6A10AFED000F}.Release|x64.ActiveCfg = Release|x64
		{2EB4837C-1AEB-840D-C3D7-6A10AFED000F}.Release|x64.Build.0 = Release|x64
		{09E7A976-F5B3-0482-1ECD-F2290AF93910}.Debug|x64.ActiveCfg = Debug|x64
		{09E7A976-F5B3-0482-1ECD-F2290AF93910}.Debug|x64.Build.0 = Debug|x64
		{09E7A976-F5B3-0482-1ECD-F2290AF93910}.Develop|x64.ActiveCfg = Develop|x64
		{09E7A976-F5B3-0482-1ECD-F2290AF93910}.Develop|x64.Build.0 = Develop|x64
		{09E7A976-F5B3-0482-1ECD-F2290AF93910}.Release|x64.ActiveCfg = Release|x64
		{09E7A976-F5B3-0482-1ECD-F2290AF93910}.Release|x64.Build.0 = Release|x64
	EndGlobalSection
	GlobalSection(SolutionProperties) = preSolution
		HideSolutionNode = FALSE
	EndGlobalSection
	GlobalSection(NestedProjects) = preSolution
		{637A75A0-CFB1-BD37-D8BB-215B4472E430} = {23E4C901-0F47-59A6-B8CC-915CA40E2529}
		{460F99F1-3272-2896-DBF7-604CC739F418} = {637A75A0-CFB1-BD37-D8BB-215B4472E430}
		{2EB4837C-1AEB-840D-C3D7-6A10AFED000F} = {637A75A0-CFB1-BD37-D8BB-215B4472E430}
		{09E7A976-F5B3-0482-1ECD-F2290AF93910} = {637A75A0-CFB1-BD37-D8BB-215B4472E430}
	EndGlobalSection
EndGlobal
